
Microsoft Visual Studio Solution File, Format Version 12.00
# Visual Studio Version 16
VisualStudioVersion = 16.0.29319.158
MinimumVisualStudioVersion = 10.0.40219.1
Project("{9A19103F-16F7-4668-BE54-9A1E7A4F7556}") = "4oito6.Infra.Data.Repositories.Core.Contracts", "4oito6.Infra.Data.Repositories.Core.Contracts\4oito6.Infra.Data.Repositories.Core.Contracts.csproj", "{F4AD24A6-7656-42AA-96F1-9C8B4944FF0F}"
EndProject
Project("{9A19103F-16F7-4668-BE54-9A1E7A4F7556}") = "4oito6.Domain.Model.Core", "4oito6.Domain.Model.Core\4oito6.Domain.Model.Core.csproj", "{7E2F443E-C250-4E2F-A8AA-515460518669}"
EndProject
Project("{9A19103F-16F7-4668-BE54-9A1E7A4F7556}") = "4oito6.Infra.Data.Model.Core", "4oito6.Infra.Data.Model.Core\4oito6.Infra.Data.Model.Core.csproj", "{48422444-10BF-4962-9813-4E8C696231B0}"
EndProject
Project("{9A19103F-16F7-4668-BE54-9A1E7A4F7556}") = "4oito6.Infra.Data.Repositories.Core.Implementation", "4oito6.Infra.Data.Repositories.Core.Implementation\4oito6.Infra.Data.Repositories.Core.Implementation.csproj", "{0AA98713-6A45-4B54-B70A-DF99F5241A38}"
EndProject
Project("{9A19103F-16F7-4668-BE54-9A1E7A4F7556}") = "4oito6.Domain.Specs.Core", "4oito6.Domain.Specs.Core\4oito6.Domain.Specs.Core.csproj", "{1D572190-03A9-49BC-BCE6-BE1E9ABC3411}"
EndProject
Project("{2150E333-8FDC-42A3-9474-1A3956D46DE8}") = "1- Presentation", "1- Presentation", "{71E14305-C3C2-4F1C-B066-EC454720B889}"
EndProject
Project("{2150E333-8FDC-42A3-9474-1A3956D46DE8}") = "2- Application", "2- Application", "{09EAF23D-9A47-4F17-8B2A-CBBE4F2FD687}"
EndProject
Project("{2150E333-8FDC-42A3-9474-1A3956D46DE8}") = "3- Services", "3- Services", "{DB8261BA-BCB2-4974-B19A-66DBC77CADD5}"
EndProject
Project("{2150E333-8FDC-42A3-9474-1A3956D46DE8}") = "4- Domain", "4- Domain", "{D958CB54-7AB2-45D1-B0A8-4BDC2D72219B}"
EndProject
Project("{2150E333-8FDC-42A3-9474-1A3956D46DE8}") = "5- Infra", "5- Infra", "{5667FC19-CABE-4811-AF4F-4B4FCDFC9FFD}"
EndProject
Project("{2150E333-8FDC-42A3-9474-1A3956D46DE8}") = "Data", "Data", "{D2CA4D1E-CDAC-4108-8347-25184B9EF1E6}"
EndProject
Project("{2150E333-8FDC-42A3-9474-1A3956D46DE8}") = "Core", "Core", "{1ACC78CD-6B8F-4C7C-B369-ADE608D774D0}"
EndProject
Project("{2150E333-8FDC-42A3-9474-1A3956D46DE8}") = "Core", "Core", "{1E33E426-1486-4604-BAA2-2D0D14087FE6}"
EndProject
Project("{2150E333-8FDC-42A3-9474-1A3956D46DE8}") = "Core", "Core", "{E5217754-82F8-4A8C-9824-784982C06CA5}"
EndProject
Project("{9A19103F-16F7-4668-BE54-9A1E7A4F7556}") = "4oito6.Domain.Services.Core.Contracts", "4oito6.Domain.Services.Core.Contracts\4oito6.Domain.Services.Core.Contracts.csproj", "{1D60FAB8-CFB6-44F1-A81C-0622EC4D1335}"
EndProject
Project("{9A19103F-16F7-4668-BE54-9A1E7A4F7556}") = "4oito6.Domain.Services.Core.Implementation", "4oito6.Domain.Services.Core.Implementation\4oito6.Domain.Services.Core.Implementation.csproj", "{1983ED93-C3D7-4F89-A86E-727EE341C2F5}"
EndProject
Project("{9A19103F-16F7-4668-BE54-9A1E7A4F7556}") = "4oito6.Domain.Application.Core.Contracts", "4oito6.Domain.Application.Core.Contracts\4oito6.Domain.Application.Core.Contracts.csproj", "{A36F8A07-6035-472F-934F-81158CF1D4F0}"
EndProject
Project("{9A19103F-16F7-4668-BE54-9A1E7A4F7556}") = "4oito6.Domain.Application.Core.Implementation", "4oito6.Domain.Application.Core.Implementation\4oito6.Domain.Application.Core.Implementation.csproj", "{BC85AE31-F34B-45E9-9C68-90A59CDA4E47}"
EndProject
Project("{2150E333-8FDC-42A3-9474-1A3956D46DE8}") = "Core", "Core", "{363FA2AD-4BCA-4680-98A2-64D2F22D696E}"
EndProject
Project("{2150E333-8FDC-42A3-9474-1A3956D46DE8}") = "CrossCutting", "CrossCutting", "{9DCFD68A-0A59-46A8-83D3-7BF0767DF9FF}"
EndProject
Project("{2150E333-8FDC-42A3-9474-1A3956D46DE8}") = "Configuration", "Configuration", "{2E250027-753C-4AA7-B619-0ED605F2CB9E}"
EndProject
Project("{9A19103F-16F7-4668-BE54-9A1E7A4F7556}") = "4oito6.Infra.CrossCutting.Configuration.Connection", "4oito6.Infra.CrossCutting.Configuration.Connection\4oito6.Infra.CrossCutting.Configuration.Connection.csproj", "{E2A1E0BC-24F6-4C30-8A41-3C357082E7BF}"
EndProject
Project("{9A19103F-16F7-4668-BE54-9A1E7A4F7556}") = "4oito6.Infra.CrossCutting.Configuration.Token", "4oito6.Infra.CrossCutting.Configuration.Token\4oito6.Infra.CrossCutting.Configuration.Token.csproj", "{8C4D68B5-D2D7-4603-BF7A-D8001F75BAE7}"
EndProject
Project("{2150E333-8FDC-42A3-9474-1A3956D46DE8}") = "Token", "Token", "{BECD80B5-192D-44F2-A297-7103B9FE5E10}"
EndProject
Project("{9A19103F-16F7-4668-BE54-9A1E7A4F7556}") = "4oito6.Infra.CrossCutting.Token", "4oito6.Infra.CrossCutting.Token\4oito6.Infra.CrossCutting.Token.csproj", "{FBC50E61-9666-46B2-A96C-23EAAE1302EB}"
EndProject
Project("{9A19103F-16F7-4668-BE54-9A1E7A4F7556}") = "4oito6.Infra.CrossCutting.IoC.Token", "4oito6.Infra.CrossCutting.IoC.Token\4oito6.Infra.CrossCutting.IoC.Token.csproj", "{5DC71D06-48AA-40B4-99C2-AD16D74F0992}"
EndProject
Project("{2150E333-8FDC-42A3-9474-1A3956D46DE8}") = "IoC", "IoC", "{B261FC16-19BE-43A7-8E31-EA5F535ADA4B}"
EndProject
Project("{9A19103F-16F7-4668-BE54-9A1E7A4F7556}") = "4oito6.Infra.CrossCutting.Extensions", "4oito6.Infra.CrossCutting.Extensions\4oito6.Infra.CrossCutting.Extensions.csproj", "{BA25D67F-D1DA-473C-B009-04D387720251}"
EndProject
Project("{9A19103F-16F7-4668-BE54-9A1E7A4F7556}") = "4oito6.Infra.Data.Core", "4oito6.Infra.Data.Core\4oito6.Infra.Data.Core.csproj", "{0B8A5846-B800-426A-AA4F-EC48555E00F3}"
EndProject
Project("{9A19103F-16F7-4668-BE54-9A1E7A4F7556}") = "4oito6.Middleware.Core", "4oito6.Middleware.Core\4oito6.Middleware.Core.csproj", "{55AB73FF-2826-4FFC-BB5E-87120E3DE3A0}"
EndProject
Project("{2150E333-8FDC-42A3-9474-1A3956D46DE8}") = "Middleware", "Middleware", "{9DF9053B-0943-4286-ABB4-C543AB67C268}"
EndProject
Project("{FAE04EC0-301F-11D3-BF4B-00C04F79EFBC}") = "4oito6.Infra.CrossCutting.Ioc.Swagger", "4oito6.Infra.CrossCutting.Ioc.Swagger\4oito6.Infra.CrossCutting.Ioc.Swagger.csproj", "{B34F7F01-89BF-46DC-9C34-3A05725C1CE5}"
EndProject
Project("{FAE04EC0-301F-11D3-BF4B-00C04F79EFBC}") = "4oito6.Infra.CrossCutting.Configuration.Swagger", "4oito6.Infra.CrossCutting.Configuration.Swagger\4oito6.Infra.CrossCutting.Configuration.Swagger.csproj", "{406B57CE-80A8-4B49-B58C-5792824BD9EA}"
EndProject
Global
	GlobalSection(SolutionConfigurationPlatforms) = preSolution
		Debug|Any CPU = Debug|Any CPU
		Release|Any CPU = Release|Any CPU
	EndGlobalSection
	GlobalSection(ProjectConfigurationPlatforms) = postSolution
		{F4AD24A6-7656-42AA-96F1-9C8B4944FF0F}.Debug|Any CPU.ActiveCfg = Debug|Any CPU
		{F4AD24A6-7656-42AA-96F1-9C8B4944FF0F}.Debug|Any CPU.Build.0 = Debug|Any CPU
		{F4AD24A6-7656-42AA-96F1-9C8B4944FF0F}.Release|Any CPU.ActiveCfg = Release|Any CPU
		{F4AD24A6-7656-42AA-96F1-9C8B4944FF0F}.Release|Any CPU.Build.0 = Release|Any CPU
		{7E2F443E-C250-4E2F-A8AA-515460518669}.Debug|Any CPU.ActiveCfg = Debug|Any CPU
		{7E2F443E-C250-4E2F-A8AA-515460518669}.Debug|Any CPU.Build.0 = Debug|Any CPU
		{7E2F443E-C250-4E2F-A8AA-515460518669}.Release|Any CPU.ActiveCfg = Release|Any CPU
		{7E2F443E-C250-4E2F-A8AA-515460518669}.Release|Any CPU.Build.0 = Release|Any CPU
		{48422444-10BF-4962-9813-4E8C696231B0}.Debug|Any CPU.ActiveCfg = Debug|Any CPU
		{48422444-10BF-4962-9813-4E8C696231B0}.Debug|Any CPU.Build.0 = Debug|Any CPU
		{48422444-10BF-4962-9813-4E8C696231B0}.Release|Any CPU.ActiveCfg = Release|Any CPU
		{48422444-10BF-4962-9813-4E8C696231B0}.Release|Any CPU.Build.0 = Release|Any CPU
		{0AA98713-6A45-4B54-B70A-DF99F5241A38}.Debug|Any CPU.ActiveCfg = Debug|Any CPU
		{0AA98713-6A45-4B54-B70A-DF99F5241A38}.Debug|Any CPU.Build.0 = Debug|Any CPU
		{0AA98713-6A45-4B54-B70A-DF99F5241A38}.Release|Any CPU.ActiveCfg = Release|Any CPU
		{0AA98713-6A45-4B54-B70A-DF99F5241A38}.Release|Any CPU.Build.0 = Release|Any CPU
		{1D572190-03A9-49BC-BCE6-BE1E9ABC3411}.Debug|Any CPU.ActiveCfg = Debug|Any CPU
		{1D572190-03A9-49BC-BCE6-BE1E9ABC3411}.Debug|Any CPU.Build.0 = Debug|Any CPU
		{1D572190-03A9-49BC-BCE6-BE1E9ABC3411}.Release|Any CPU.ActiveCfg = Release|Any CPU
		{1D572190-03A9-49BC-BCE6-BE1E9ABC3411}.Release|Any CPU.Build.0 = Release|Any CPU
		{1D60FAB8-CFB6-44F1-A81C-0622EC4D1335}.Debug|Any CPU.ActiveCfg = Debug|Any CPU
		{1D60FAB8-CFB6-44F1-A81C-0622EC4D1335}.Debug|Any CPU.Build.0 = Debug|Any CPU
		{1D60FAB8-CFB6-44F1-A81C-0622EC4D1335}.Release|Any CPU.ActiveCfg = Release|Any CPU
		{1D60FAB8-CFB6-44F1-A81C-0622EC4D1335}.Release|Any CPU.Build.0 = Release|Any CPU
		{1983ED93-C3D7-4F89-A86E-727EE341C2F5}.Debug|Any CPU.ActiveCfg = Debug|Any CPU
		{1983ED93-C3D7-4F89-A86E-727EE341C2F5}.Debug|Any CPU.Build.0 = Debug|Any CPU
		{1983ED93-C3D7-4F89-A86E-727EE341C2F5}.Release|Any CPU.ActiveCfg = Release|Any CPU
		{1983ED93-C3D7-4F89-A86E-727EE341C2F5}.Release|Any CPU.Build.0 = Release|Any CPU
		{A36F8A07-6035-472F-934F-81158CF1D4F0}.Debug|Any CPU.ActiveCfg = Debug|Any CPU
		{A36F8A07-6035-472F-934F-81158CF1D4F0}.Debug|Any CPU.Build.0 = Debug|Any CPU
		{A36F8A07-6035-472F-934F-81158CF1D4F0}.Release|Any CPU.ActiveCfg = Release|Any CPU
		{A36F8A07-6035-472F-934F-81158CF1D4F0}.Release|Any CPU.Build.0 = Release|Any CPU
		{BC85AE31-F34B-45E9-9C68-90A59CDA4E47}.Debug|Any CPU.ActiveCfg = Debug|Any CPU
		{BC85AE31-F34B-45E9-9C68-90A59CDA4E47}.Debug|Any CPU.Build.0 = Debug|Any CPU
		{BC85AE31-F34B-45E9-9C68-90A59CDA4E47}.Release|Any CPU.ActiveCfg = Release|Any CPU
		{BC85AE31-F34B-45E9-9C68-90A59CDA4E47}.Release|Any CPU.Build.0 = Release|Any CPU
		{E2A1E0BC-24F6-4C30-8A41-3C357082E7BF}.Debug|Any CPU.ActiveCfg = Debug|Any CPU
		{E2A1E0BC-24F6-4C30-8A41-3C357082E7BF}.Debug|Any CPU.Build.0 = Debug|Any CPU
		{E2A1E0BC-24F6-4C30-8A41-3C357082E7BF}.Release|Any CPU.ActiveCfg = Release|Any CPU
		{E2A1E0BC-24F6-4C30-8A41-3C357082E7BF}.Release|Any CPU.Build.0 = Release|Any CPU
		{8C4D68B5-D2D7-4603-BF7A-D8001F75BAE7}.Debug|Any CPU.ActiveCfg = Debug|Any CPU
		{8C4D68B5-D2D7-4603-BF7A-D8001F75BAE7}.Debug|Any CPU.Build.0 = Debug|Any CPU
		{8C4D68B5-D2D7-4603-BF7A-D8001F75BAE7}.Release|Any CPU.ActiveCfg = Release|Any CPU
		{8C4D68B5-D2D7-4603-BF7A-D8001F75BAE7}.Release|Any CPU.Build.0 = Release|Any CPU
		{FBC50E61-9666-46B2-A96C-23EAAE1302EB}.Debug|Any CPU.ActiveCfg = Debug|Any CPU
		{FBC50E61-9666-46B2-A96C-23EAAE1302EB}.Debug|Any CPU.Build.0 = Debug|Any CPU
		{FBC50E61-9666-46B2-A96C-23EAAE1302EB}.Release|Any CPU.ActiveCfg = Release|Any CPU
		{FBC50E61-9666-46B2-A96C-23EAAE1302EB}.Release|Any CPU.Build.0 = Release|Any CPU
		{5DC71D06-48AA-40B4-99C2-AD16D74F0992}.Debug|Any CPU.ActiveCfg = Debug|Any CPU
		{5DC71D06-48AA-40B4-99C2-AD16D74F0992}.Debug|Any CPU.Build.0 = Debug|Any CPU
		{5DC71D06-48AA-40B4-99C2-AD16D74F0992}.Release|Any CPU.ActiveCfg = Release|Any CPU
		{5DC71D06-48AA-40B4-99C2-AD16D74F0992}.Release|Any CPU.Build.0 = Release|Any CPU
		{BA25D67F-D1DA-473C-B009-04D387720251}.Debug|Any CPU.ActiveCfg = Debug|Any CPU
		{BA25D67F-D1DA-473C-B009-04D387720251}.Debug|Any CPU.Build.0 = Debug|Any CPU
		{BA25D67F-D1DA-473C-B009-04D387720251}.Release|Any CPU.ActiveCfg = Release|Any CPU
		{BA25D67F-D1DA-473C-B009-04D387720251}.Release|Any CPU.Build.0 = Release|Any CPU
		{0B8A5846-B800-426A-AA4F-EC48555E00F3}.Debug|Any CPU.ActiveCfg = Debug|Any CPU
		{0B8A5846-B800-426A-AA4F-EC48555E00F3}.Debug|Any CPU.Build.0 = Debug|Any CPU
		{0B8A5846-B800-426A-AA4F-EC48555E00F3}.Release|Any CPU.ActiveCfg = Release|Any CPU
		{0B8A5846-B800-426A-AA4F-EC48555E00F3}.Release|Any CPU.Build.0 = Release|Any CPU
		{55AB73FF-2826-4FFC-BB5E-87120E3DE3A0}.Debug|Any CPU.ActiveCfg = Debug|Any CPU
		{55AB73FF-2826-4FFC-BB5E-87120E3DE3A0}.Debug|Any CPU.Build.0 = Debug|Any CPU
		{55AB73FF-2826-4FFC-BB5E-87120E3DE3A0}.Release|Any CPU.ActiveCfg = Release|Any CPU
		{55AB73FF-2826-4FFC-BB5E-87120E3DE3A0}.Release|Any CPU.Build.0 = Release|Any CPU
		{B34F7F01-89BF-46DC-9C34-3A05725C1CE5}.Debug|Any CPU.ActiveCfg = Debug|Any CPU
		{B34F7F01-89BF-46DC-9C34-3A05725C1CE5}.Debug|Any CPU.Build.0 = Debug|Any CPU
		{B34F7F01-89BF-46DC-9C34-3A05725C1CE5}.Release|Any CPU.ActiveCfg = Release|Any CPU
		{B34F7F01-89BF-46DC-9C34-3A05725C1CE5}.Release|Any CPU.Build.0 = Release|Any CPU
		{406B57CE-80A8-4B49-B58C-5792824BD9EA}.Debug|Any CPU.ActiveCfg = Debug|Any CPU
		{406B57CE-80A8-4B49-B58C-5792824BD9EA}.Debug|Any CPU.Build.0 = Debug|Any CPU
		{406B57CE-80A8-4B49-B58C-5792824BD9EA}.Release|Any CPU.ActiveCfg = Release|Any CPU
		{406B57CE-80A8-4B49-B58C-5792824BD9EA}.Release|Any CPU.Build.0 = Release|Any CPU
	EndGlobalSection
	GlobalSection(SolutionProperties) = preSolution
		HideSolutionNode = FALSE
	EndGlobalSection
	GlobalSection(NestedProjects) = preSolution
		{F4AD24A6-7656-42AA-96F1-9C8B4944FF0F} = {1ACC78CD-6B8F-4C7C-B369-ADE608D774D0}
		{7E2F443E-C250-4E2F-A8AA-515460518669} = {1E33E426-1486-4604-BAA2-2D0D14087FE6}
		{48422444-10BF-4962-9813-4E8C696231B0} = {1ACC78CD-6B8F-4C7C-B369-ADE608D774D0}
		{0AA98713-6A45-4B54-B70A-DF99F5241A38} = {1ACC78CD-6B8F-4C7C-B369-ADE608D774D0}
		{1D572190-03A9-49BC-BCE6-BE1E9ABC3411} = {1E33E426-1486-4604-BAA2-2D0D14087FE6}
		{D2CA4D1E-CDAC-4108-8347-25184B9EF1E6} = {5667FC19-CABE-4811-AF4F-4B4FCDFC9FFD}
		{1ACC78CD-6B8F-4C7C-B369-ADE608D774D0} = {D2CA4D1E-CDAC-4108-8347-25184B9EF1E6}
		{1E33E426-1486-4604-BAA2-2D0D14087FE6} = {D958CB54-7AB2-45D1-B0A8-4BDC2D72219B}
		{E5217754-82F8-4A8C-9824-784982C06CA5} = {DB8261BA-BCB2-4974-B19A-66DBC77CADD5}
		{1D60FAB8-CFB6-44F1-A81C-0622EC4D1335} = {E5217754-82F8-4A8C-9824-784982C06CA5}
		{1983ED93-C3D7-4F89-A86E-727EE341C2F5} = {E5217754-82F8-4A8C-9824-784982C06CA5}
		{A36F8A07-6035-472F-934F-81158CF1D4F0} = {363FA2AD-4BCA-4680-98A2-64D2F22D696E}
		{BC85AE31-F34B-45E9-9C68-90A59CDA4E47} = {363FA2AD-4BCA-4680-98A2-64D2F22D696E}
		{363FA2AD-4BCA-4680-98A2-64D2F22D696E} = {09EAF23D-9A47-4F17-8B2A-CBBE4F2FD687}
		{9DCFD68A-0A59-46A8-83D3-7BF0767DF9FF} = {5667FC19-CABE-4811-AF4F-4B4FCDFC9FFD}
		{2E250027-753C-4AA7-B619-0ED605F2CB9E} = {9DCFD68A-0A59-46A8-83D3-7BF0767DF9FF}
		{E2A1E0BC-24F6-4C30-8A41-3C357082E7BF} = {2E250027-753C-4AA7-B619-0ED605F2CB9E}
		{8C4D68B5-D2D7-4603-BF7A-D8001F75BAE7} = {2E250027-753C-4AA7-B619-0ED605F2CB9E}
		{BECD80B5-192D-44F2-A297-7103B9FE5E10} = {9DCFD68A-0A59-46A8-83D3-7BF0767DF9FF}
		{FBC50E61-9666-46B2-A96C-23EAAE1302EB} = {BECD80B5-192D-44F2-A297-7103B9FE5E10}
		{5DC71D06-48AA-40B4-99C2-AD16D74F0992} = {B261FC16-19BE-43A7-8E31-EA5F535ADA4B}
		{B261FC16-19BE-43A7-8E31-EA5F535ADA4B} = {9DCFD68A-0A59-46A8-83D3-7BF0767DF9FF}
		{BA25D67F-D1DA-473C-B009-04D387720251} = {9DCFD68A-0A59-46A8-83D3-7BF0767DF9FF}
		{0B8A5846-B800-426A-AA4F-EC48555E00F3} = {1ACC78CD-6B8F-4C7C-B369-ADE608D774D0}
		{55AB73FF-2826-4FFC-BB5E-87120E3DE3A0} = {9DF9053B-0943-4286-ABB4-C543AB67C268}
		{9DF9053B-0943-4286-ABB4-C543AB67C268} = {71E14305-C3C2-4F1C-B066-EC454720B889}
		{B34F7F01-89BF-46DC-9C34-3A05725C1CE5} = {B261FC16-19BE-43A7-8E31-EA5F535ADA4B}
		{406B57CE-80A8-4B49-B58C-5792824BD9EA} = {2E250027-753C-4AA7-B619-0ED605F2CB9E}
	EndGlobalSection
	GlobalSection(ExtensibilityGlobals) = postSolution
		SolutionGuid = {42819E7B-74A7-4FDD-8346-3B0D5B39A789}
	EndGlobalSection
EndGlobal
